
Microsoft Visual Studio Solution File, Format Version 12.00
<<<<<<< HEAD
# Visual Studio Version 16
VisualStudioVersion = 16.0.30114.105
MinimumVisualStudioVersion = 10.0.40219.1
Project("{FAE04EC0-301F-11D3-BF4B-00C04F79EFBC}") = "WebApp", "WebApp\WebApp.csproj", "{3C12F199-3A24-4BFB-B921-29BEA21BF407}"
EndProject
Project("{FAE04EC0-301F-11D3-BF4B-00C04F79EFBC}") = "WebAppTest", "WebAppTest\WebAppTest.csproj", "{048121D3-F0B1-4D85-9306-62009909AEBE}"
=======
# Visual Studio Version 17
VisualStudioVersion = 17.0.31903.59
MinimumVisualStudioVersion = 10.0.40219.1
Project("{FAE04EC0-301F-11D3-BF4B-00C04F79EFBC}") = "dotnetapp", "dotnetapp.csproj", "{8819A89C-E49D-4A37-BC52-6B78EC795B76}"
EndProject
Project("{FAE04EC0-301F-11D3-BF4B-00C04F79EFBC}") = "TestProject", "TestProject\TestProject.csproj", "{6E109A13-CE25-49FC-8AC9-F44B55D5319C}"
>>>>>>> 70bd1c282c644dabd8dbdb34e79df8891d95d9f8
EndProject
Global
	GlobalSection(SolutionConfigurationPlatforms) = preSolution
		Debug|Any CPU = Debug|Any CPU
		Release|Any CPU = Release|Any CPU
	EndGlobalSection
<<<<<<< HEAD
	GlobalSection(ProjectConfigurationPlatforms) = postSolution
		{BC24DB71-FA58-465C-B127-D2EF0A4E02C4}.Debug|Any CPU.ActiveCfg = Debug|Any CPU
		{BC24DB71-FA58-465C-B127-D2EF0A4E02C4}.Debug|Any CPU.Build.0 = Debug|Any CPU
		{BC24DB71-FA58-465C-B127-D2EF0A4E02C4}.Release|Any CPU.ActiveCfg = Release|Any CPU
		{BC24DB71-FA58-465C-B127-D2EF0A4E02C4}.Release|Any CPU.Build.0 = Release|Any CPU
		{AD08F105-9BD1-4ED0-ABB1-62742F9171CC}.Debug|Any CPU.ActiveCfg = Debug|Any CPU
		{AD08F105-9BD1-4ED0-ABB1-62742F9171CC}.Debug|Any CPU.Build.0 = Debug|Any CPU
		{AD08F105-9BD1-4ED0-ABB1-62742F9171CC}.Release|Any CPU.ActiveCfg = Release|Any CPU
		{AD08F105-9BD1-4ED0-ABB1-62742F9171CC}.Release|Any CPU.Build.0 = Release|Any CPU
	EndGlobalSection
	GlobalSection(SolutionProperties) = preSolution
		HideSolutionNode = FALSE
	EndGlobalSection
	GlobalSection(ExtensibilityGlobals) = postSolution
		SolutionGuid = {C78FFF0E-2080-437D-9E48-A184A7EA9A68}
=======
	GlobalSection(SolutionProperties) = preSolution
		HideSolutionNode = FALSE
	EndGlobalSection
	GlobalSection(ProjectConfigurationPlatforms) = postSolution
		{8819A89C-E49D-4A37-BC52-6B78EC795B76}.Debug|Any CPU.ActiveCfg = Debug|Any CPU
		{8819A89C-E49D-4A37-BC52-6B78EC795B76}.Debug|Any CPU.Build.0 = Debug|Any CPU
		{8819A89C-E49D-4A37-BC52-6B78EC795B76}.Release|Any CPU.ActiveCfg = Release|Any CPU
		{8819A89C-E49D-4A37-BC52-6B78EC795B76}.Release|Any CPU.Build.0 = Release|Any CPU
		{6E109A13-CE25-49FC-8AC9-F44B55D5319C}.Debug|Any CPU.ActiveCfg = Debug|Any CPU
		{6E109A13-CE25-49FC-8AC9-F44B55D5319C}.Debug|Any CPU.Build.0 = Debug|Any CPU
		{6E109A13-CE25-49FC-8AC9-F44B55D5319C}.Release|Any CPU.ActiveCfg = Release|Any CPU
		{6E109A13-CE25-49FC-8AC9-F44B55D5319C}.Release|Any CPU.Build.0 = Release|Any CPU
>>>>>>> 70bd1c282c644dabd8dbdb34e79df8891d95d9f8
	EndGlobalSection
EndGlobal
